
Microsoft Visual Studio Solution File, Format Version 12.00
# Visual Studio Version 17
VisualStudioVersion = 17.4.33213.308
MinimumVisualStudioVersion = 10.0.40219.1
Project("{FAE04EC0-301F-11D3-BF4B-00C04F79EFBC}") = "ConsoleApp1", "ConsoleApp1\ConsoleApp1.csproj", "{6413EA7B-1974-4784-ADA8-CB5897705BAA}"
EndProject
Global
	GlobalSection(SolutionConfigurationPlatforms) = preSolution
		Debug|Any CPU = Debug|Any CPU
		Release|Any CPU = Release|Any CPU
	EndGlobalSection
	GlobalSection(ProjectConfigurationPlatforms) = postSolution
		{6413EA7B-1974-4784-ADA8-CB5897705BAA}.Debug|Any CPU.ActiveCfg = Debug|Any CPU
		{6413EA7B-1974-4784-ADA8-CB5897705BAA}.Debug|Any CPU.Build.0 = Debug|Any CPU
		{6413EA7B-1974-4784-ADA8-CB5897705BAA}.Release|Any CPU.ActiveCfg = Release|Any CPU
		{6413EA7B-1974-4784-ADA8-CB5897705BAA}.Release|Any CPU.Build.0 = Release|Any CPU
	EndGlobalSection
	GlobalSection(SolutionProperties) = preSolution
		HideSolutionNode = FALSE
	EndGlobalSection
	GlobalSection(ExtensibilityGlobals) = postSolution
		SolutionGuid = {B8170B34-4993-4041-884E-1E7EB97663FB}
	EndGlobalSection
EndGlobal
